<?xml version="1.0" encoding="utf-8"?>
<Project ToolsVersion="4.0" xmlns="http://schemas.microsoft.com/developer/msbuild/2003">
  <ItemGroup>
    <FxCompile Include="Shaders\SimplePixelShader.hlsl" />
    <FxCompile Include="Shaders\SimpleVertexShader.hlsl" />
  </ItemGroup>
  <ItemGroup>
    <ClCompile Include="SourceFile\Core\GameTimer.cpp" />
    <ClCompile Include="SourceFile\Core\Input.cpp" />
    <ClCompile Include="SourceFile\Core\Main.cpp" />
    <ClCompile Include="SourceFile\Core\OBJLoader.cpp" />
    <ClCompile Include="SourceFile\Core\Window.cpp" />
    <ClCompile Include="SourceFile\Graphics\DX11Device.cpp" />
    <ClCompile Include="SourceFile\Systems\CameraControlSystem.cpp" />
    <ClCompile Include="SourceFile\Systems\RenderSystem.cpp" />
    <ClCompile Include="SourceFile\Core\Aplication.cpp" />
  </ItemGroup>
  <ItemGroup>
    <ClInclude Include="HeaderFile\Components\Components.h" />
    <ClInclude Include="HeaderFile\Core\GameTimer.h" />
    <ClInclude Include="HeaderFile\Core\Input.h" />
    <ClInclude Include="HeaderFile\Core\Main.h" />
    <ClInclude Include="HeaderFile\Core\OBJLoader.h" />
    <ClInclude Include="HeaderFile\Core\Window.h" />
    <ClInclude Include="HeaderFile\ECS\ComponentManager.h" />
    <ClInclude Include="HeaderFile\ECS\Coordinator.h" />
    <ClInclude Include="HeaderFile\ECS\ECSTypes.h" />
    <ClInclude Include="HeaderFile\ECS\EntityManager.h" />
    <ClInclude Include="HeaderFile\ECS\SystemManager.h" />
    <ClInclude Include="HeaderFile\Graphics\DX11Device.h" />
    <ClInclude Include="HeaderFile\Graphics\GeometryGenerator.h" />
    <ClInclude Include="HeaderFile\Systems\CameraControlSystem.h" />
    <ClInclude Include="HeaderFile\Systems\RenderSystem.h" />
    <ClInclude Include="HeaderFile\Systems\Rotationsystem.h" />
    <ClInclude Include="HeaderFile\Core\Aplication.h" />
  </ItemGroup>
</Project>